
Microsoft Visual Studio Solution File, Format Version 12.00
# Visual Studio Version 17
VisualStudioVersion = 17.4.33213.308
MinimumVisualStudioVersion = 10.0.40219.1
Project("{9A19103F-16F7-4668-BE54-9A1E7A4F7556}") = "AbbContentEditor", "AbbContentEditor\AbbContentEditor.csproj", "{3CCA45B9-E4D8-4A48-8C98-941E395147EB}"
EndProject
Project("{FAE04EC0-301F-11D3-BF4B-00C04F79EFBC}") = "AbbContentEditor.Tests", "AbbContentEditor.Tests\AbbContentEditor.Tests.csproj", "{826EC61C-FE47-4776-9B5B-201F43080C2E}"
EndProject
Global
	GlobalSection(SolutionConfigurationPlatforms) = preSolution
		Debug|Any CPU = Debug|Any CPU
		Release|Any CPU = Release|Any CPU
	EndGlobalSection
	GlobalSection(ProjectConfigurationPlatforms) = postSolution
		{3CCA45B9-E4D8-4A48-8C98-941E395147EB}.Debug|Any CPU.ActiveCfg = Debug|Any CPU
		{3CCA45B9-E4D8-4A48-8C98-941E395147EB}.Debug|Any CPU.Build.0 = Debug|Any CPU
		{3CCA45B9-E4D8-4A48-8C98-941E395147EB}.Release|Any CPU.ActiveCfg = Release|Any CPU
		{3CCA45B9-E4D8-4A48-8C98-941E395147EB}.Release|Any CPU.Build.0 = Release|Any CPU
		{826EC61C-FE47-4776-9B5B-201F43080C2E}.Debug|Any CPU.ActiveCfg = Debug|Any CPU
		{826EC61C-FE47-4776-9B5B-201F43080C2E}.Debug|Any CPU.Build.0 = Debug|Any CPU
		{826EC61C-FE47-4776-9B5B-201F43080C2E}.Release|Any CPU.ActiveCfg = Release|Any CPU
		{826EC61C-FE47-4776-9B5B-201F43080C2E}.Release|Any CPU.Build.0 = Release|Any CPU
	EndGlobalSection
	GlobalSection(SolutionProperties) = preSolution
		HideSolutionNode = FALSE
	EndGlobalSection
	GlobalSection(ExtensibilityGlobals) = postSolution
		SolutionGuid = {041FD0EB-80B1-4237-AA95-2528DDAA901A}
	EndGlobalSection
EndGlobal
